
Microsoft Visual Studio Solution File, Format Version 12.00
# Visual Studio Version 17
VisualStudioVersion = 17.0.31903.59
MinimumVisualStudioVersion = 10.0.40219.1
Project("{2150E333-8FDC-42A3-9474-1A3956D46DE8}") = "Src", "Src", "{A0D4AE83-F112-4FF6-8A38-2CDEC11BC9E6}"
EndProject
Project("{2150E333-8FDC-42A3-9474-1A3956D46DE8}") = "Test", "Test", "{7F78E528-C390-4FD2-A401-F4134F0A4DC4}"
EndProject
Project("{2150E333-8FDC-42A3-9474-1A3956D46DE8}") = "Domain", "Domain", "{62A88D1C-638E-4233-8059-7C5D2CACE07B}"
EndProject
Project("{9A19103F-16F7-4668-BE54-9A1E7A4F7556}") = "Domain.Models", "Src\Domain\Domain.Models\Domain.Models.csproj", "{7F410465-850E-42B9-AE7A-FD5392C537F2}"
EndProject
Project("{2150E333-8FDC-42A3-9474-1A3956D46DE8}") = "Application", "Application", "{7DA23A19-C140-418C-BE82-E96CEB078EEC}"
EndProject
Project("{9A19103F-16F7-4668-BE54-9A1E7A4F7556}") = "Application.Commands", "Src\Application\Application.Commands\Application.Commands.csproj", "{D1033BD0-FA05-4756-B9E9-C0923F1B3E65}"
EndProject
Project("{2150E333-8FDC-42A3-9474-1A3956D46DE8}") = "Persistence", "Persistence", "{16F3C212-4EA2-4111-950A-5B5D0CEBCAEA}"
EndProject
Project("{9A19103F-16F7-4668-BE54-9A1E7A4F7556}") = "Persistence.Commands.SqlServer", "Src\Persistence\Persistence.Commands.SqlServer\Persistence.Commands.SqlServer.csproj", "{C2FBB7E5-CE2C-4ECF-BFF1-F1C9ECCBAB5E}"
EndProject
Project("{9A19103F-16F7-4668-BE54-9A1E7A4F7556}") = "Persistence.Queries.SqlServer", "Src\Persistence\Persistence.Queries.SqlServer\Persistence.Queries.SqlServer.csproj", "{D2712B2E-5758-4C92-A161-78E85571C1B5}"
EndProject
Project("{2150E333-8FDC-42A3-9474-1A3956D46DE8}") = "Presentation", "Presentation", "{A39FF25A-0C76-444E-83E5-4EBF7C965784}"
EndProject
Project("{9A19103F-16F7-4668-BE54-9A1E7A4F7556}") = "Test.Domain.Unit", "Test\Test.Domain.Unit\Test.Domain.Unit.csproj", "{F47684EF-FF26-4360-A96F-C43BA968AD20}"
EndProject
Project("{9A19103F-16F7-4668-BE54-9A1E7A4F7556}") = "Test.RestApi.Integration", "Test\Test.RestApi.Integration\Test.RestApi.Integration.csproj", "{5C9BC3B9-152F-4D74-AD6B-3FC7FB0010AE}"
EndProject
Project("{9A19103F-16F7-4668-BE54-9A1E7A4F7556}") = "ServiceHost", "Src\ServiceHost\ServiceHost.csproj", "{E951EBB4-2CCC-41F7-B935-97599F396622}"
EndProject
Project("{9A19103F-16F7-4668-BE54-9A1E7A4F7556}") = "Presentation.Configuration", "Src\Presentation\Presentation.Configuration\Presentation.Configuration.csproj", "{1E3E79A4-0186-4991-9A4D-68E88F4C582D}"
EndProject
Project("{9A19103F-16F7-4668-BE54-9A1E7A4F7556}") = "Presentation.RestApi", "Src\Presentation\Presentation.RestApi\Presentation.RestApi.csproj", "{80F0B838-C8C8-466D-A927-875568EA8D46}"
EndProject
Project("{9A19103F-16F7-4668-BE54-9A1E7A4F7556}") = "Domain.Contracts", "Src\Domain\Domain.Contracts\Domain.Contracts.csproj", "{660D6DD3-9F12-4F62-B536-2C7EAE692DB6}"
EndProject
Project("{2150E333-8FDC-42A3-9474-1A3956D46DE8}") = "Framework", "Framework", "{0BD7FF66-C147-4CA6-9C84-1B0490971C75}"
EndProject
Project("{9A19103F-16F7-4668-BE54-9A1E7A4F7556}") = "Framework.Domain", "Framework\Framework.Domain\Framework.Domain.csproj", "{FD8CDD66-0DD5-4468-B3F8-4156E46E76A1}"
EndProject
Project("{9A19103F-16F7-4668-BE54-9A1E7A4F7556}") = "Framework.Application", "Framework\Framework.Application\Framework.Application.csproj", "{FCCB0B7B-F4B2-4553-9791-588CE4C68EA4}"
EndProject
Project("{9A19103F-16F7-4668-BE54-9A1E7A4F7556}") = "Framework.Persistence", "Framework\Framework.Persistence\Framework.Persistence.csproj", "{7AEE8D22-3EB4-4CEC-A85F-D92B616442CB}"
EndProject
Project("{9A19103F-16F7-4668-BE54-9A1E7A4F7556}") = "Framework.TestTools", "Framework\Framework.TestTools\Framework.TestTools.csproj", "{A41D025B-B9BF-4B1C-8FC5-C6261D7B550C}"
EndProject
Project("{FAE04EC0-301F-11D3-BF4B-00C04F79EFBC}") = "Presentation.Facade", "Src\Presentation\Presentation.Facade\Presentation.Facade.csproj", "{BC06CCF1-4B80-45B9-B9B0-BDD4830575B5}"
EndProject
Global
	GlobalSection(SolutionConfigurationPlatforms) = preSolution
		Debug|Any CPU = Debug|Any CPU
		Release|Any CPU = Release|Any CPU
	EndGlobalSection
	GlobalSection(ProjectConfigurationPlatforms) = postSolution
		{7F410465-850E-42B9-AE7A-FD5392C537F2}.Debug|Any CPU.ActiveCfg = Debug|Any CPU
		{7F410465-850E-42B9-AE7A-FD5392C537F2}.Debug|Any CPU.Build.0 = Debug|Any CPU
		{7F410465-850E-42B9-AE7A-FD5392C537F2}.Release|Any CPU.ActiveCfg = Release|Any CPU
		{7F410465-850E-42B9-AE7A-FD5392C537F2}.Release|Any CPU.Build.0 = Release|Any CPU
		{D1033BD0-FA05-4756-B9E9-C0923F1B3E65}.Debug|Any CPU.ActiveCfg = Debug|Any CPU
		{D1033BD0-FA05-4756-B9E9-C0923F1B3E65}.Debug|Any CPU.Build.0 = Debug|Any CPU
		{D1033BD0-FA05-4756-B9E9-C0923F1B3E65}.Release|Any CPU.ActiveCfg = Release|Any CPU
		{D1033BD0-FA05-4756-B9E9-C0923F1B3E65}.Release|Any CPU.Build.0 = Release|Any CPU
		{C2FBB7E5-CE2C-4ECF-BFF1-F1C9ECCBAB5E}.Debug|Any CPU.ActiveCfg = Debug|Any CPU
		{C2FBB7E5-CE2C-4ECF-BFF1-F1C9ECCBAB5E}.Debug|Any CPU.Build.0 = Debug|Any CPU
		{C2FBB7E5-CE2C-4ECF-BFF1-F1C9ECCBAB5E}.Release|Any CPU.ActiveCfg = Release|Any CPU
		{C2FBB7E5-CE2C-4ECF-BFF1-F1C9ECCBAB5E}.Release|Any CPU.Build.0 = Release|Any CPU
		{D2712B2E-5758-4C92-A161-78E85571C1B5}.Debug|Any CPU.ActiveCfg = Debug|Any CPU
		{D2712B2E-5758-4C92-A161-78E85571C1B5}.Debug|Any CPU.Build.0 = Debug|Any CPU
		{D2712B2E-5758-4C92-A161-78E85571C1B5}.Release|Any CPU.ActiveCfg = Release|Any CPU
		{D2712B2E-5758-4C92-A161-78E85571C1B5}.Release|Any CPU.Build.0 = Release|Any CPU
		{F47684EF-FF26-4360-A96F-C43BA968AD20}.Debug|Any CPU.ActiveCfg = Debug|Any CPU
		{F47684EF-FF26-4360-A96F-C43BA968AD20}.Debug|Any CPU.Build.0 = Debug|Any CPU
		{F47684EF-FF26-4360-A96F-C43BA968AD20}.Release|Any CPU.ActiveCfg = Release|Any CPU
		{F47684EF-FF26-4360-A96F-C43BA968AD20}.Release|Any CPU.Build.0 = Release|Any CPU
		{5C9BC3B9-152F-4D74-AD6B-3FC7FB0010AE}.Debug|Any CPU.ActiveCfg = Debug|Any CPU
		{5C9BC3B9-152F-4D74-AD6B-3FC7FB0010AE}.Debug|Any CPU.Build.0 = Debug|Any CPU
		{5C9BC3B9-152F-4D74-AD6B-3FC7FB0010AE}.Release|Any CPU.ActiveCfg = Release|Any CPU
		{5C9BC3B9-152F-4D74-AD6B-3FC7FB0010AE}.Release|Any CPU.Build.0 = Release|Any CPU
		{E951EBB4-2CCC-41F7-B935-97599F396622}.Debug|Any CPU.ActiveCfg = Debug|Any CPU
		{E951EBB4-2CCC-41F7-B935-97599F396622}.Debug|Any CPU.Build.0 = Debug|Any CPU
		{E951EBB4-2CCC-41F7-B935-97599F396622}.Release|Any CPU.ActiveCfg = Release|Any CPU
		{E951EBB4-2CCC-41F7-B935-97599F396622}.Release|Any CPU.Build.0 = Release|Any CPU
		{1E3E79A4-0186-4991-9A4D-68E88F4C582D}.Debug|Any CPU.ActiveCfg = Debug|Any CPU
		{1E3E79A4-0186-4991-9A4D-68E88F4C582D}.Debug|Any CPU.Build.0 = Debug|Any CPU
		{1E3E79A4-0186-4991-9A4D-68E88F4C582D}.Release|Any CPU.ActiveCfg = Release|Any CPU
		{1E3E79A4-0186-4991-9A4D-68E88F4C582D}.Release|Any CPU.Build.0 = Release|Any CPU
		{80F0B838-C8C8-466D-A927-875568EA8D46}.Debug|Any CPU.ActiveCfg = Debug|Any CPU
		{80F0B838-C8C8-466D-A927-875568EA8D46}.Debug|Any CPU.Build.0 = Debug|Any CPU
		{80F0B838-C8C8-466D-A927-875568EA8D46}.Release|Any CPU.ActiveCfg = Release|Any CPU
		{80F0B838-C8C8-466D-A927-875568EA8D46}.Release|Any CPU.Build.0 = Release|Any CPU
		{660D6DD3-9F12-4F62-B536-2C7EAE692DB6}.Debug|Any CPU.ActiveCfg = Debug|Any CPU
		{660D6DD3-9F12-4F62-B536-2C7EAE692DB6}.Debug|Any CPU.Build.0 = Debug|Any CPU
		{660D6DD3-9F12-4F62-B536-2C7EAE692DB6}.Release|Any CPU.ActiveCfg = Release|Any CPU
		{660D6DD3-9F12-4F62-B536-2C7EAE692DB6}.Release|Any CPU.Build.0 = Release|Any CPU
		{FD8CDD66-0DD5-4468-B3F8-4156E46E76A1}.Debug|Any CPU.ActiveCfg = Debug|Any CPU
		{FD8CDD66-0DD5-4468-B3F8-4156E46E76A1}.Debug|Any CPU.Build.0 = Debug|Any CPU
		{FD8CDD66-0DD5-4468-B3F8-4156E46E76A1}.Release|Any CPU.ActiveCfg = Release|Any CPU
		{FD8CDD66-0DD5-4468-B3F8-4156E46E76A1}.Release|Any CPU.Build.0 = Release|Any CPU
		{FCCB0B7B-F4B2-4553-9791-588CE4C68EA4}.Debug|Any CPU.ActiveCfg = Debug|Any CPU
		{FCCB0B7B-F4B2-4553-9791-588CE4C68EA4}.Debug|Any CPU.Build.0 = Debug|Any CPU
		{FCCB0B7B-F4B2-4553-9791-588CE4C68EA4}.Release|Any CPU.ActiveCfg = Release|Any CPU
		{FCCB0B7B-F4B2-4553-9791-588CE4C68EA4}.Release|Any CPU.Build.0 = Release|Any CPU
		{7AEE8D22-3EB4-4CEC-A85F-D92B616442CB}.Debug|Any CPU.ActiveCfg = Debug|Any CPU
		{7AEE8D22-3EB4-4CEC-A85F-D92B616442CB}.Debug|Any CPU.Build.0 = Debug|Any CPU
		{7AEE8D22-3EB4-4CEC-A85F-D92B616442CB}.Release|Any CPU.ActiveCfg = Release|Any CPU
		{7AEE8D22-3EB4-4CEC-A85F-D92B616442CB}.Release|Any CPU.Build.0 = Release|Any CPU
		{A41D025B-B9BF-4B1C-8FC5-C6261D7B550C}.Debug|Any CPU.ActiveCfg = Debug|Any CPU
		{A41D025B-B9BF-4B1C-8FC5-C6261D7B550C}.Debug|Any CPU.Build.0 = Debug|Any CPU
		{A41D025B-B9BF-4B1C-8FC5-C6261D7B550C}.Release|Any CPU.ActiveCfg = Release|Any CPU
		{A41D025B-B9BF-4B1C-8FC5-C6261D7B550C}.Release|Any CPU.Build.0 = Release|Any CPU
		{BC06CCF1-4B80-45B9-B9B0-BDD4830575B5}.Debug|Any CPU.ActiveCfg = Debug|Any CPU
		{BC06CCF1-4B80-45B9-B9B0-BDD4830575B5}.Debug|Any CPU.Build.0 = Debug|Any CPU
		{BC06CCF1-4B80-45B9-B9B0-BDD4830575B5}.Release|Any CPU.ActiveCfg = Release|Any CPU
		{BC06CCF1-4B80-45B9-B9B0-BDD4830575B5}.Release|Any CPU.Build.0 = Release|Any CPU
	EndGlobalSection
	GlobalSection(SolutionProperties) = preSolution
		HideSolutionNode = FALSE
	EndGlobalSection
	GlobalSection(NestedProjects) = preSolution
		{62A88D1C-638E-4233-8059-7C5D2CACE07B} = {A0D4AE83-F112-4FF6-8A38-2CDEC11BC9E6}
		{7F410465-850E-42B9-AE7A-FD5392C537F2} = {62A88D1C-638E-4233-8059-7C5D2CACE07B}
		{7DA23A19-C140-418C-BE82-E96CEB078EEC} = {A0D4AE83-F112-4FF6-8A38-2CDEC11BC9E6}
		{D1033BD0-FA05-4756-B9E9-C0923F1B3E65} = {7DA23A19-C140-418C-BE82-E96CEB078EEC}
		{16F3C212-4EA2-4111-950A-5B5D0CEBCAEA} = {A0D4AE83-F112-4FF6-8A38-2CDEC11BC9E6}
		{C2FBB7E5-CE2C-4ECF-BFF1-F1C9ECCBAB5E} = {16F3C212-4EA2-4111-950A-5B5D0CEBCAEA}
		{D2712B2E-5758-4C92-A161-78E85571C1B5} = {16F3C212-4EA2-4111-950A-5B5D0CEBCAEA}
		{A39FF25A-0C76-444E-83E5-4EBF7C965784} = {A0D4AE83-F112-4FF6-8A38-2CDEC11BC9E6}
		{F47684EF-FF26-4360-A96F-C43BA968AD20} = {7F78E528-C390-4FD2-A401-F4134F0A4DC4}
		{5C9BC3B9-152F-4D74-AD6B-3FC7FB0010AE} = {7F78E528-C390-4FD2-A401-F4134F0A4DC4}
		{E951EBB4-2CCC-41F7-B935-97599F396622} = {A0D4AE83-F112-4FF6-8A38-2CDEC11BC9E6}
		{1E3E79A4-0186-4991-9A4D-68E88F4C582D} = {A39FF25A-0C76-444E-83E5-4EBF7C965784}
		{80F0B838-C8C8-466D-A927-875568EA8D46} = {A39FF25A-0C76-444E-83E5-4EBF7C965784}
		{660D6DD3-9F12-4F62-B536-2C7EAE692DB6} = {62A88D1C-638E-4233-8059-7C5D2CACE07B}
		{FD8CDD66-0DD5-4468-B3F8-4156E46E76A1} = {0BD7FF66-C147-4CA6-9C84-1B0490971C75}
		{FCCB0B7B-F4B2-4553-9791-588CE4C68EA4} = {0BD7FF66-C147-4CA6-9C84-1B0490971C75}
		{7AEE8D22-3EB4-4CEC-A85F-D92B616442CB} = {0BD7FF66-C147-4CA6-9C84-1B0490971C75}
		{A41D025B-B9BF-4B1C-8FC5-C6261D7B550C} = {0BD7FF66-C147-4CA6-9C84-1B0490971C75}
		{BC06CCF1-4B80-45B9-B9B0-BDD4830575B5} = {A39FF25A-0C76-444E-83E5-4EBF7C965784}
	EndGlobalSection
	GlobalSection(ExtensibilityGlobals) = postSolution
		SolutionGuid = {A5B69C94-BA84-40F7-9141-9A34E826CEA5}
	EndGlobalSection
EndGlobal
